// !$*UTF8*$!
{
	archiveVersion = 1;
	classes = {
	};
	objectVersion = 55;
	objects = {

/* Begin PBXBuildFile section */
		EA6AA4D228B89F4F008DB84B /* User.swift in Sources */ = {isa = PBXBuildFile; fileRef = EA6AA4D128B89F4F008DB84B /* User.swift */; };
		EA6AA4D528B8A8D9008DB84B /* CardViewModel.swift in Sources */ = {isa = PBXBuildFile; fileRef = EA6AA4D428B8A8D9008DB84B /* CardViewModel.swift */; };
		EA6AA4D728B8B083008DB84B /* Advertiser.swift in Sources */ = {isa = PBXBuildFile; fileRef = EA6AA4D628B8B083008DB84B /* Advertiser.swift */; };
		EA6AA4DB28B93DDC008DB84B /* RegistrationVC.swift in Sources */ = {isa = PBXBuildFile; fileRef = EA6AA4DA28B93DDC008DB84B /* RegistrationVC.swift */; };
		EA6AA4DD28B94316008DB84B /* CustomTextField.swift in Sources */ = {isa = PBXBuildFile; fileRef = EA6AA4DC28B94316008DB84B /* CustomTextField.swift */; };
		EA6AA4E228B94356008DB84B /* RegistrationBody.swift in Sources */ = {isa = PBXBuildFile; fileRef = EA6AA4E128B94356008DB84B /* RegistrationBody.swift */; };
		EA6AA4E428B9EF33008DB84B /* RegistrationViewModel.swift in Sources */ = {isa = PBXBuildFile; fileRef = EA6AA4E328B9EF33008DB84B /* RegistrationViewModel.swift */; };
		EA8EFE6128B6857C0066B94B /* HomeBottomStackView.swift in Sources */ = {isa = PBXBuildFile; fileRef = EA8EFE6028B6857C0066B94B /* HomeBottomStackView.swift */; };
		EA8EFE6428B6868E0066B94B /* HomeTopStackView.swift in Sources */ = {isa = PBXBuildFile; fileRef = EA8EFE6328B6868E0066B94B /* HomeTopStackView.swift */; };
		EA8EFE6728B696960066B94B /* CardView.swift in Sources */ = {isa = PBXBuildFile; fileRef = EA8EFE6628B696960066B94B /* CardView.swift */; };
		EAD553BA28B546F500BB52AD /* AppDelegate.swift in Sources */ = {isa = PBXBuildFile; fileRef = EAD553B928B546F500BB52AD /* AppDelegate.swift */; };
		EAD553BC28B546F500BB52AD /* SceneDelegate.swift in Sources */ = {isa = PBXBuildFile; fileRef = EAD553BB28B546F500BB52AD /* SceneDelegate.swift */; };
		EAD553BE28B546F500BB52AD /* HomeVC.swift in Sources */ = {isa = PBXBuildFile; fileRef = EAD553BD28B546F500BB52AD /* HomeVC.swift */; };
		EAD553C128B546F500BB52AD /* Main.storyboard in Resources */ = {isa = PBXBuildFile; fileRef = EAD553BF28B546F500BB52AD /* Main.storyboard */; };
		EAD553C328B546FA00BB52AD /* Assets.xcassets in Resources */ = {isa = PBXBuildFile; fileRef = EAD553C228B546FA00BB52AD /* Assets.xcassets */; };
		EAD553C628B546FA00BB52AD /* LaunchScreen.storyboard in Resources */ = {isa = PBXBuildFile; fileRef = EAD553C428B546FA00BB52AD /* LaunchScreen.storyboard */; };
		EAD553CF28B550B700BB52AD /* Extensions+UIView.swift in Sources */ = {isa = PBXBuildFile; fileRef = EAD553CE28B550B600BB52AD /* Extensions+UIView.swift */; };
/* End PBXBuildFile section */

/* Begin PBXFileReference section */
		EA6AA4D128B89F4F008DB84B /* User.swift */ = {isa = PBXFileReference; lastKnownFileType = sourcecode.swift; path = User.swift; sourceTree = "<group>"; };
		EA6AA4D428B8A8D9008DB84B /* CardViewModel.swift */ = {isa = PBXFileReference; lastKnownFileType = sourcecode.swift; path = CardViewModel.swift; sourceTree = "<group>"; };
		EA6AA4D628B8B083008DB84B /* Advertiser.swift */ = {isa = PBXFileReference; lastKnownFileType = sourcecode.swift; path = Advertiser.swift; sourceTree = "<group>"; };
		EA6AA4DA28B93DDC008DB84B /* RegistrationVC.swift */ = {isa = PBXFileReference; lastKnownFileType = sourcecode.swift; path = RegistrationVC.swift; sourceTree = "<group>"; };
		EA6AA4DC28B94316008DB84B /* CustomTextField.swift */ = {isa = PBXFileReference; fileEncoding = 4; lastKnownFileType = sourcecode.swift; path = CustomTextField.swift; sourceTree = "<group>"; };
		EA6AA4E128B94356008DB84B /* RegistrationBody.swift */ = {isa = PBXFileReference; lastKnownFileType = sourcecode.swift; path = RegistrationBody.swift; sourceTree = "<group>"; };
		EA6AA4E328B9EF33008DB84B /* RegistrationViewModel.swift */ = {isa = PBXFileReference; lastKnownFileType = sourcecode.swift; path = RegistrationViewModel.swift; sourceTree = "<group>"; };
		EA8EFE6028B6857C0066B94B /* HomeBottomStackView.swift */ = {isa = PBXFileReference; lastKnownFileType = sourcecode.swift; path = HomeBottomStackView.swift; sourceTree = "<group>"; };
		EA8EFE6328B6868E0066B94B /* HomeTopStackView.swift */ = {isa = PBXFileReference; lastKnownFileType = sourcecode.swift; path = HomeTopStackView.swift; sourceTree = "<group>"; };
		EA8EFE6628B696960066B94B /* CardView.swift */ = {isa = PBXFileReference; lastKnownFileType = sourcecode.swift; path = CardView.swift; sourceTree = "<group>"; };
		EAD553B628B546F500BB52AD /* Tinder.app */ = {isa = PBXFileReference; explicitFileType = wrapper.application; includeInIndex = 0; path = Tinder.app; sourceTree = BUILT_PRODUCTS_DIR; };
		EAD553B928B546F500BB52AD /* AppDelegate.swift */ = {isa = PBXFileReference; lastKnownFileType = sourcecode.swift; path = AppDelegate.swift; sourceTree = "<group>"; };
		EAD553BB28B546F500BB52AD /* SceneDelegate.swift */ = {isa = PBXFileReference; lastKnownFileType = sourcecode.swift; path = SceneDelegate.swift; sourceTree = "<group>"; };
		EAD553BD28B546F500BB52AD /* HomeVC.swift */ = {isa = PBXFileReference; lastKnownFileType = sourcecode.swift; path = HomeVC.swift; sourceTree = "<group>"; };
		EAD553C028B546F500BB52AD /* Base */ = {isa = PBXFileReference; lastKnownFileType = file.storyboard; name = Base; path = Base.lproj/Main.storyboard; sourceTree = "<group>"; };
		EAD553C228B546FA00BB52AD /* Assets.xcassets */ = {isa = PBXFileReference; lastKnownFileType = folder.assetcatalog; path = Assets.xcassets; sourceTree = "<group>"; };
		EAD553C528B546FA00BB52AD /* Base */ = {isa = PBXFileReference; lastKnownFileType = file.storyboard; name = Base; path = Base.lproj/LaunchScreen.storyboard; sourceTree = "<group>"; };
		EAD553C728B546FA00BB52AD /* Info.plist */ = {isa = PBXFileReference; lastKnownFileType = text.plist.xml; path = Info.plist; sourceTree = "<group>"; };
		EAD553CE28B550B600BB52AD /* Extensions+UIView.swift */ = {isa = PBXFileReference; fileEncoding = 4; lastKnownFileType = sourcecode.swift; path = "Extensions+UIView.swift"; sourceTree = "<group>"; };
/* End PBXFileReference section */

/* Begin PBXFrameworksBuildPhase section */
		EAD553B328B546F500BB52AD /* Frameworks */ = {
			isa = PBXFrameworksBuildPhase;
			buildActionMask = 2147483647;
			files = (
			);
			runOnlyForDeploymentPostprocessing = 0;
		};
/* End PBXFrameworksBuildPhase section */

/* Begin PBXGroup section */
		EA6AA4D028B89F47008DB84B /* Model */ = {
			isa = PBXGroup;
			children = (
				EA6AA4D128B89F4F008DB84B /* User.swift */,
				EA6AA4D628B8B083008DB84B /* Advertiser.swift */,
			);
			path = Model;
			sourceTree = "<group>";
		};
		EA6AA4D328B8A8CE008DB84B /* ViewModel */ = {
			isa = PBXGroup;
			children = (
				EA6AA4D428B8A8D9008DB84B /* CardViewModel.swift */,
			);
			path = ViewModel;
			sourceTree = "<group>";
		};
		EA6AA4DE28B94328008DB84B /* View */ = {
			isa = PBXGroup;
			children = (
				EA6AA4DC28B94316008DB84B /* CustomTextField.swift */,
			);
			path = View;
			sourceTree = "<group>";
		};
		EA6AA4DF28B9433E008DB84B /* Home */ = {
			isa = PBXGroup;
			children = (
				EAD553BD28B546F500BB52AD /* HomeVC.swift */,
			);
			path = Home;
			sourceTree = "<group>";
		};
		EA6AA4E028B94343008DB84B /* Registration */ = {
			isa = PBXGroup;
			children = (
				EA6AA4DA28B93DDC008DB84B /* RegistrationVC.swift */,
				EA6AA4E328B9EF33008DB84B /* RegistrationViewModel.swift */,
				EA6AA4E128B94356008DB84B /* RegistrationBody.swift */,
			);
			path = Registration;
			sourceTree = "<group>";
		};
		EA8EFE6228B6867D0066B94B /* Home-View */ = {
			isa = PBXGroup;
			children = (
				EA8EFE6328B6868E0066B94B /* HomeTopStackView.swift */,
				EA8EFE6028B6857C0066B94B /* HomeBottomStackView.swift */,
				EA8EFE6628B696960066B94B /* CardView.swift */,
			);
			path = "Home-View";
			sourceTree = "<group>";
		};
		EA8EFE6528B694F00066B94B /* Controller */ = {
			isa = PBXGroup;
			children = (
				EA6AA4DF28B9433E008DB84B /* Home */,
				EA6AA4E028B94343008DB84B /* Registration */,
			);
			path = Controller;
			sourceTree = "<group>";
		};
		EAD553AD28B546F500BB52AD = {
			isa = PBXGroup;
			children = (
				EAD553B828B546F500BB52AD /* Tinder */,
				EAD553B728B546F500BB52AD /* Products */,
			);
			sourceTree = "<group>";
		};
		EAD553B728B546F500BB52AD /* Products */ = {
			isa = PBXGroup;
			children = (
				EAD553B628B546F500BB52AD /* Tinder.app */,
			);
			name = Products;
			sourceTree = "<group>";
		};
		EAD553B828B546F500BB52AD /* Tinder */ = {
			isa = PBXGroup;
			children = (
				EAD553C728B546FA00BB52AD /* Info.plist */,
				EA6AA4DE28B94328008DB84B /* View */,
				EA6AA4D328B8A8CE008DB84B /* ViewModel */,
				EA6AA4D028B89F47008DB84B /* Model */,
				EAD553CD28B5471100BB52AD /* Supporting Files */,
				EAD553D028B550B900BB52AD /* Extension */,
				EA8EFE6528B694F00066B94B /* Controller */,
				EA8EFE6228B6867D0066B94B /* Home-View */,
			);
			path = Tinder;
			sourceTree = "<group>";
		};
		EAD553CD28B5471100BB52AD /* Supporting Files */ = {
			isa = PBXGroup;
			children = (
				EAD553BF28B546F500BB52AD /* Main.storyboard */,
				EAD553B928B546F500BB52AD /* AppDelegate.swift */,
				EAD553BB28B546F500BB52AD /* SceneDelegate.swift */,
				EAD553C228B546FA00BB52AD /* Assets.xcassets */,
				EAD553C428B546FA00BB52AD /* LaunchScreen.storyboard */,
			);
			path = "Supporting Files";
			sourceTree = "<group>";
		};
		EAD553D028B550B900BB52AD /* Extension */ = {
			isa = PBXGroup;
			children = (
				EAD553CE28B550B600BB52AD /* Extensions+UIView.swift */,
			);
			path = Extension;
			sourceTree = "<group>";
		};
/* End PBXGroup section */

/* Begin PBXNativeTarget section */
		EAD553B528B546F500BB52AD /* Tinder */ = {
			isa = PBXNativeTarget;
			buildConfigurationList = EAD553CA28B546FA00BB52AD /* Build configuration list for PBXNativeTarget "Tinder" */;
			buildPhases = (
				EAD553B228B546F500BB52AD /* Sources */,
				EAD553B328B546F500BB52AD /* Frameworks */,
				EAD553B428B546F500BB52AD /* Resources */,
			);
			buildRules = (
			);
			dependencies = (
			);
			name = Tinder;
			productName = Tinder;
			productReference = EAD553B628B546F500BB52AD /* Tinder.app */;
			productType = "com.apple.product-type.application";
		};
/* End PBXNativeTarget section */

/* Begin PBXProject section */
		EAD553AE28B546F500BB52AD /* Project object */ = {
			isa = PBXProject;
			attributes = {
				BuildIndependentTargetsInParallel = 1;
				LastSwiftUpdateCheck = 1340;
				LastUpgradeCheck = 1340;
				TargetAttributes = {
					EAD553B528B546F500BB52AD = {
						CreatedOnToolsVersion = 13.4.1;
					};
				};
			};
			buildConfigurationList = EAD553B128B546F500BB52AD /* Build configuration list for PBXProject "Tinder" */;
			compatibilityVersion = "Xcode 13.0";
			developmentRegion = en;
			hasScannedForEncodings = 0;
			knownRegions = (
				en,
				Base,
			);
			mainGroup = EAD553AD28B546F500BB52AD;
			productRefGroup = EAD553B728B546F500BB52AD /* Products */;
			projectDirPath = "";
			projectRoot = "";
			targets = (
				EAD553B528B546F500BB52AD /* Tinder */,
			);
		};
/* End PBXProject section */

/* Begin PBXResourcesBuildPhase section */
		EAD553B428B546F500BB52AD /* Resources */ = {
			isa = PBXResourcesBuildPhase;
			buildActionMask = 2147483647;
			files = (
				EAD553C628B546FA00BB52AD /* LaunchScreen.storyboard in Resources */,
				EAD553C328B546FA00BB52AD /* Assets.xcassets in Resources */,
				EAD553C128B546F500BB52AD /* Main.storyboard in Resources */,
			);
			runOnlyForDeploymentPostprocessing = 0;
		};
/* End PBXResourcesBuildPhase section */

/* Begin PBXSourcesBuildPhase section */
		EAD553B228B546F500BB52AD /* Sources */ = {
			isa = PBXSourcesBuildPhase;
			buildActionMask = 2147483647;
			files = (
				EA6AA4D728B8B083008DB84B /* Advertiser.swift in Sources */,
				EA8EFE6728B696960066B94B /* CardView.swift in Sources */,
				EA8EFE6428B6868E0066B94B /* HomeTopStackView.swift in Sources */,
				EA6AA4E428B9EF33008DB84B /* RegistrationViewModel.swift in Sources */,
				EA8EFE6128B6857C0066B94B /* HomeBottomStackView.swift in Sources */,
				EAD553BE28B546F500BB52AD /* HomeVC.swift in Sources */,
				EA6AA4D228B89F4F008DB84B /* User.swift in Sources */,
				EA6AA4E228B94356008DB84B /* RegistrationBody.swift in Sources */,
				EA6AA4DB28B93DDC008DB84B /* RegistrationVC.swift in Sources */,
				EAD553BA28B546F500BB52AD /* AppDelegate.swift in Sources */,
				EA6AA4DD28B94316008DB84B /* CustomTextField.swift in Sources */,
				EAD553CF28B550B700BB52AD /* Extensions+UIView.swift in Sources */,
				EAD553BC28B546F500BB52AD /* SceneDelegate.swift in Sources */,
				EA6AA4D528B8A8D9008DB84B /* CardViewModel.swift in Sources */,
			);
			runOnlyForDeploymentPostprocessing = 0;
		};
/* End PBXSourcesBuildPhase section */

/* Begin PBXVariantGroup section */
		EAD553BF28B546F500BB52AD /* Main.storyboard */ = {
			isa = PBXVariantGroup;
			children = (
				EAD553C028B546F500BB52AD /* Base */,
			);
			name = Main.storyboard;
			sourceTree = "<group>";
		};
		EAD553C428B546FA00BB52AD /* LaunchScreen.storyboard */ = {
			isa = PBXVariantGroup;
			children = (
				EAD553C528B546FA00BB52AD /* Base */,
			);
			name = LaunchScreen.storyboard;
			sourceTree = "<group>";
		};
/* End PBXVariantGroup section */

/* Begin XCBuildConfiguration section */
		EAD553C828B546FA00BB52AD /* Debug */ = {
			isa = XCBuildConfiguration;
			buildSettings = {
				ALWAYS_SEARCH_USER_PATHS = NO;
				CLANG_ANALYZER_NONNULL = YES;
				CLANG_ANALYZER_NUMBER_OBJECT_CONVERSION = YES_AGGRESSIVE;
				CLANG_CXX_LANGUAGE_STANDARD = "gnu++17";
				CLANG_ENABLE_MODULES = YES;
				CLANG_ENABLE_OBJC_ARC = YES;
				CLANG_ENABLE_OBJC_WEAK = YES;
				CLANG_WARN_BLOCK_CAPTURE_AUTORELEASING = YES;
				CLANG_WARN_BOOL_CONVERSION = YES;
				CLANG_WARN_COMMA = YES;
				CLANG_WARN_CONSTANT_CONVERSION = YES;
				CLANG_WARN_DEPRECATED_OBJC_IMPLEMENTATIONS = YES;
				CLANG_WARN_DIRECT_OBJC_ISA_USAGE = YES_ERROR;
				CLANG_WARN_DOCUMENTATION_COMMENTS = YES;
				CLANG_WARN_EMPTY_BODY = YES;
				CLANG_WARN_ENUM_CONVERSION = YES;
				CLANG_WARN_INFINITE_RECURSION = YES;
				CLANG_WARN_INT_CONVERSION = YES;
				CLANG_WARN_NON_LITERAL_NULL_CONVERSION = YES;
				CLANG_WARN_OBJC_IMPLICIT_RETAIN_SELF = YES;
				CLANG_WARN_OBJC_LITERAL_CONVERSION = YES;
				CLANG_WARN_OBJC_ROOT_CLASS = YES_ERROR;
				CLANG_WARN_QUOTED_INCLUDE_IN_FRAMEWORK_HEADER = YES;
				CLANG_WARN_RANGE_LOOP_ANALYSIS = YES;
				CLANG_WARN_STRICT_PROTOTYPES = YES;
				CLANG_WARN_SUSPICIOUS_MOVE = YES;
				CLANG_WARN_UNGUARDED_AVAILABILITY = YES_AGGRESSIVE;
				CLANG_WARN_UNREACHABLE_CODE = YES;
				CLANG_WARN__DUPLICATE_METHOD_MATCH = YES;
				COPY_PHASE_STRIP = NO;
				DEBUG_INFORMATION_FORMAT = dwarf;
				ENABLE_STRICT_OBJC_MSGSEND = YES;
				ENABLE_TESTABILITY = YES;
				GCC_C_LANGUAGE_STANDARD = gnu11;
				GCC_DYNAMIC_NO_PIC = NO;
				GCC_NO_COMMON_BLOCKS = YES;
				GCC_OPTIMIZATION_LEVEL = 0;
				GCC_PREPROCESSOR_DEFINITIONS = (
					"DEBUG=1",
					"$(inherited)",
				);
				GCC_WARN_64_TO_32_BIT_CONVERSION = YES;
				GCC_WARN_ABOUT_RETURN_TYPE = YES_ERROR;
				GCC_WARN_UNDECLARED_SELECTOR = YES;
				GCC_WARN_UNINITIALIZED_AUTOS = YES_AGGRESSIVE;
				GCC_WARN_UNUSED_FUNCTION = YES;
				GCC_WARN_UNUSED_VARIABLE = YES;
				IPHONEOS_DEPLOYMENT_TARGET = 15.5;
				MTL_ENABLE_DEBUG_INFO = INCLUDE_SOURCE;
				MTL_FAST_MATH = YES;
				ONLY_ACTIVE_ARCH = YES;
				SDKROOT = iphoneos;
				SWIFT_ACTIVE_COMPILATION_CONDITIONS = DEBUG;
				SWIFT_OPTIMIZATION_LEVEL = "-Onone";
			};
			name = Debug;
		};
		EAD553C928B546FA00BB52AD /* Release */ = {
			isa = XCBuildConfiguration;
			buildSettings = {
				ALWAYS_SEARCH_USER_PATHS = NO;
				CLANG_ANALYZER_NONNULL = YES;
				CLANG_ANALYZER_NUMBER_OBJECT_CONVERSION = YES_AGGRESSIVE;
				CLANG_CXX_LANGUAGE_STANDARD = "gnu++17";
				CLANG_ENABLE_MODULES = YES;
				CLANG_ENABLE_OBJC_ARC = YES;
				CLANG_ENABLE_OBJC_WEAK = YES;
				CLANG_WARN_BLOCK_CAPTURE_AUTORELEASING = YES;
				CLANG_WARN_BOOL_CONVERSION = YES;
				CLANG_WARN_COMMA = YES;
				CLANG_WARN_CONSTANT_CONVERSION = YES;
				CLANG_WARN_DEPRECATED_OBJC_IMPLEMENTATIONS = YES;
				CLANG_WARN_DIRECT_OBJC_ISA_USAGE = YES_ERROR;
				CLANG_WARN_DOCUMENTATION_COMMENTS = YES;
				CLANG_WARN_EMPTY_BODY = YES;
				CLANG_WARN_ENUM_CONVERSION = YES;
				CLANG_WARN_INFINITE_RECURSION = YES;
				CLANG_WARN_INT_CONVERSION = YES;
				CLANG_WARN_NON_LITERAL_NULL_CONVERSION = YES;
				CLANG_WARN_OBJC_IMPLICIT_RETAIN_SELF = YES;
				CLANG_WARN_OBJC_LITERAL_CONVERSION = YES;
				CLANG_WARN_OBJC_ROOT_CLASS = YES_ERROR;
				CLANG_WARN_QUOTED_INCLUDE_IN_FRAMEWORK_HEADER = YES;
				CLANG_WARN_RANGE_LOOP_ANALYSIS = YES;
				CLANG_WARN_STRICT_PROTOTYPES = YES;
				CLANG_WARN_SUSPICIOUS_MOVE = YES;
				CLANG_WARN_UNGUARDED_AVAILABILITY = YES_AGGRESSIVE;
				CLANG_WARN_UNREACHABLE_CODE = YES;
				CLANG_WARN__DUPLICATE_METHOD_MATCH = YES;
				COPY_PHASE_STRIP = NO;
				DEBUG_INFORMATION_FORMAT = "dwarf-with-dsym";
				ENABLE_NS_ASSERTIONS = NO;
				ENABLE_STRICT_OBJC_MSGSEND = YES;
				GCC_C_LANGUAGE_STANDARD = gnu11;
				GCC_NO_COMMON_BLOCKS = YES;
				GCC_WARN_64_TO_32_BIT_CONVERSION = YES;
				GCC_WARN_ABOUT_RETURN_TYPE = YES_ERROR;
				GCC_WARN_UNDECLARED_SELECTOR = YES;
				GCC_WARN_UNINITIALIZED_AUTOS = YES_AGGRESSIVE;
				GCC_WARN_UNUSED_FUNCTION = YES;
				GCC_WARN_UNUSED_VARIABLE = YES;
				IPHONEOS_DEPLOYMENT_TARGET = 15.5;
				MTL_ENABLE_DEBUG_INFO = NO;
				MTL_FAST_MATH = YES;
				SDKROOT = iphoneos;
				SWIFT_COMPILATION_MODE = wholemodule;
				SWIFT_OPTIMIZATION_LEVEL = "-O";
				VALIDATE_PRODUCT = YES;
			};
			name = Release;
		};
		EAD553CB28B546FA00BB52AD /* Debug */ = {
			isa = XCBuildConfiguration;
			buildSettings = {
				ASSETCATALOG_COMPILER_APPICON_NAME = AppIcon;
				ASSETCATALOG_COMPILER_GLOBAL_ACCENT_COLOR_NAME = AccentColor;
				CODE_SIGN_STYLE = Automatic;
				CURRENT_PROJECT_VERSION = 1;
				DEVELOPMENT_TEAM = 6SYM4Y4869;
				GENERATE_INFOPLIST_FILE = YES;
				INFOPLIST_FILE = Tinder/Info.plist;
				INFOPLIST_KEY_UIApplicationSupportsIndirectInputEvents = YES;
				INFOPLIST_KEY_UILaunchStoryboardName = LaunchScreen;
				INFOPLIST_KEY_UIMainStoryboardFile = Main;
				INFOPLIST_KEY_UISupportedInterfaceOrientations_iPad = "UIInterfaceOrientationPortrait UIInterfaceOrientationPortraitUpsideDown UIInterfaceOrientationLandscapeLeft UIInterfaceOrientationLandscapeRight";
				INFOPLIST_KEY_UISupportedInterfaceOrientations_iPhone = "UIInterfaceOrientationPortrait UIInterfaceOrientationLandscapeLeft UIInterfaceOrientationLandscapeRight";
				LD_RUNPATH_SEARCH_PATHS = (
					"$(inherited)",
					"@executable_path/Frameworks",
				);
				MARKETING_VERSION = 1.0;
				PRODUCT_BUNDLE_IDENTIFIER = com.tinder.khaled.Tinder;
				PRODUCT_NAME = "$(TARGET_NAME)";
				SWIFT_EMIT_LOC_STRINGS = YES;
				SWIFT_VERSION = 5.0;
				TARGETED_DEVICE_FAMILY = "1,2";
			};
			name = Debug;
		};
		EAD553CC28B546FA00BB52AD /* Release */ = {
			isa = XCBuildConfiguration;
			buildSettings = {
				ASSETCATALOG_COMPILER_APPICON_NAME = AppIcon;
				ASSETCATALOG_COMPILER_GLOBAL_ACCENT_COLOR_NAME = AccentColor;
				CODE_SIGN_STYLE = Automatic;
				CURRENT_PROJECT_VERSION = 1;
				DEVELOPMENT_TEAM = 6SYM4Y4869;
				GENERATE_INFOPLIST_FILE = YES;
				INFOPLIST_FILE = Tinder/Info.plist;
				INFOPLIST_KEY_UIApplicationSupportsIndirectInputEvents = YES;
				INFOPLIST_KEY_UILaunchStoryboardName = LaunchScreen;
				INFOPLIST_KEY_UIMainStoryboardFile = Main;
				INFOPLIST_KEY_UISupportedInterfaceOrientations_iPad = "UIInterfaceOrientationPortrait UIInterfaceOrientationPortraitUpsideDown UIInterfaceOrientationLandscapeLeft UIInterfaceOrientationLandscapeRight";
				INFOPLIST_KEY_UISupportedInterfaceOrientations_iPhone = "UIInterfaceOrientationPortrait UIInterfaceOrientationLandscapeLeft UIInterfaceOrientationLandscapeRight";
				LD_RUNPATH_SEARCH_PATHS = (
					"$(inherited)",
					"@executable_path/Frameworks",
				);
				MARKETING_VERSION = 1.0;
				PRODUCT_BUNDLE_IDENTIFIER = com.tinder.khaled.Tinder;
				PRODUCT_NAME = "$(TARGET_NAME)";
				SWIFT_EMIT_LOC_STRINGS = YES;
				SWIFT_VERSION = 5.0;
				TARGETED_DEVICE_FAMILY = "1,2";
			};
			name = Release;
		};
/* End XCBuildConfiguration section */

/* Begin XCConfigurationList section */
		EAD553B128B546F500BB52AD /* Build configuration list for PBXProject "Tinder" */ = {
			isa = XCConfigurationList;
			buildConfigurations = (
				EAD553C828B546FA00BB52AD /* Debug */,
				EAD553C928B546FA00BB52AD /* Release */,
			);
			defaultConfigurationIsVisible = 0;
			defaultConfigurationName = Release;
		};
		EAD553CA28B546FA00BB52AD /* Build configuration list for PBXNativeTarget "Tinder" */ = {
			isa = XCConfigurationList;
			buildConfigurations = (
				EAD553CB28B546FA00BB52AD /* Debug */,
				EAD553CC28B546FA00BB52AD /* Release */,
			);
			defaultConfigurationIsVisible = 0;
			defaultConfigurationName = Release;
		};
/* End XCConfigurationList section */
	};
	rootObject = EAD553AE28B546F500BB52AD /* Project object */;
}
